
Microsoft Visual Studio Solution File, Format Version 12.00
# Visual Studio Version 16
VisualStudioVersion = 16.0.31729.503
MinimumVisualStudioVersion = 10.0.40219.1
Project("{FAE04EC0-301F-11D3-BF4B-00C04F79EFBC}") = "Petrut_Alexandru_Lab5", "Petrut_Alexandru_Lab5.csproj", "{BA6F84BA-DE14-4A9C-96D4-6FE7BD8BF851}"
EndProject
Project("{FAE04EC0-301F-11D3-BF4B-00C04F79EFBC}") = "AutoGeistModel", "AutoGeistModel\AutoGeistModel.csproj", "{32DB1FB8-35F5-4036-8D24-D1C42CB4E58A}"
EndProject
Global
	GlobalSection(SolutionConfigurationPlatforms) = preSolution
		Debug|Any CPU = Debug|Any CPU
		Release|Any CPU = Release|Any CPU
	EndGlobalSection
	GlobalSection(ProjectConfigurationPlatforms) = postSolution
		{BA6F84BA-DE14-4A9C-96D4-6FE7BD8BF851}.Debug|Any CPU.ActiveCfg = Debug|Any CPU
		{BA6F84BA-DE14-4A9C-96D4-6FE7BD8BF851}.Debug|Any CPU.Build.0 = Debug|Any CPU
		{BA6F84BA-DE14-4A9C-96D4-6FE7BD8BF851}.Release|Any CPU.ActiveCfg = Release|Any CPU
		{BA6F84BA-DE14-4A9C-96D4-6FE7BD8BF851}.Release|Any CPU.Build.0 = Release|Any CPU
		{32DB1FB8-35F5-4036-8D24-D1C42CB4E58A}.Debug|Any CPU.ActiveCfg = Debug|Any CPU
		{32DB1FB8-35F5-4036-8D24-D1C42CB4E58A}.Debug|Any CPU.Build.0 = Debug|Any CPU
		{32DB1FB8-35F5-4036-8D24-D1C42CB4E58A}.Release|Any CPU.ActiveCfg = Release|Any CPU
		{32DB1FB8-35F5-4036-8D24-D1C42CB4E58A}.Release|Any CPU.Build.0 = Release|Any CPU
	EndGlobalSection
	GlobalSection(SolutionProperties) = preSolution
		HideSolutionNode = FALSE
	EndGlobalSection
	GlobalSection(ExtensibilityGlobals) = postSolution
		SolutionGuid = {BEA6C04E-3DA6-4E6E-BD90-D9E2CC56B48E}
	EndGlobalSection
EndGlobal
